
Microsoft Visual Studio Solution File, Format Version 12.00
# Visual Studio Version 17
VisualStudioVersion = 17.8.34316.72
MinimumVisualStudioVersion = 10.0.40219.1
Project("{FAE04EC0-301F-11D3-BF4B-00C04F79EFBC}") = "ChallengeApp", "ChallengeApp\ChallengeApp.csproj", "{ED7806AE-3CDD-4B99-AACA-F16A5C79FBC5}"
EndProject
Global
	GlobalSection(SolutionConfigurationPlatforms) = preSolution
		Debug|Any CPU = Debug|Any CPU
		Release|Any CPU = Release|Any CPU
	EndGlobalSection
	GlobalSection(ProjectConfigurationPlatforms) = postSolution
		{ED7806AE-3CDD-4B99-AACA-F16A5C79FBC5}.Debug|Any CPU.ActiveCfg = Debug|Any CPU
		{ED7806AE-3CDD-4B99-AACA-F16A5C79FBC5}.Debug|Any CPU.Build.0 = Debug|Any CPU
		{ED7806AE-3CDD-4B99-AACA-F16A5C79FBC5}.Release|Any CPU.ActiveCfg = Release|Any CPU
		{ED7806AE-3CDD-4B99-AACA-F16A5C79FBC5}.Release|Any CPU.Build.0 = Release|Any CPU
	EndGlobalSection
	GlobalSection(SolutionProperties) = preSolution
		HideSolutionNode = FALSE
	EndGlobalSection
	GlobalSection(ExtensibilityGlobals) = postSolution
		SolutionGuid = {9ECC07A3-6295-4C39-BCF8-F57B4E8A7853}
	EndGlobalSection
EndGlobal
